// !$*UTF8*$!
{
	archiveVersion = 1;
	classes = {
	};
	objectVersion = 50;
	objects = {

/* Begin PBXBuildFile section */
		FB178953262FEE7C00986705 /* Dogsound1.mp3 in Resources */ = {isa = PBXBuildFile; fileRef = FB17894E262FEE7C00986705 /* Dogsound1.mp3 */; };
		FB178954262FEE7C00986705 /* Ducksound1.mp3 in Resources */ = {isa = PBXBuildFile; fileRef = FB17894F262FEE7C00986705 /* Ducksound1.mp3 */; };
		FB178955262FEE7C00986705 /* Hedgehogsound1.mp3 in Resources */ = {isa = PBXBuildFile; fileRef = FB178950262FEE7C00986705 /* Hedgehogsound1.mp3 */; };
		FB178956262FEE7C00986705 /* Catsound1.mp3 in Resources */ = {isa = PBXBuildFile; fileRef = FB178951262FEE7C00986705 /* Catsound1.mp3 */; };
		FB178957262FEE7C00986705 /* Rabbitsound1.mp3 in Resources */ = {isa = PBXBuildFile; fileRef = FB178952262FEE7C00986705 /* Rabbitsound1.mp3 */; };
		FB17895C262FEF1200986705 /* Sounds in Resources */ = {isa = PBXBuildFile; fileRef = FB17895B262FEF1200986705 /* Sounds */; };
		FBFC1AE826280DE900418244 /* AnimalListTableViewCell.swift in Sources */ = {isa = PBXBuildFile; fileRef = FBFC1AE726280DE900418244 /* AnimalListTableViewCell.swift */; };
		FBFC1AEF262840A800418244 /* AnimalCategory.swift in Sources */ = {isa = PBXBuildFile; fileRef = FBFC1AEE262840A800418244 /* AnimalCategory.swift */; };
		FBFED8AB2626C3D500A2C2B6 /* AppDelegate.swift in Sources */ = {isa = PBXBuildFile; fileRef = FBFED8AA2626C3D500A2C2B6 /* AppDelegate.swift */; };
		FBFED8AD2626C3D500A2C2B6 /* SceneDelegate.swift in Sources */ = {isa = PBXBuildFile; fileRef = FBFED8AC2626C3D500A2C2B6 /* SceneDelegate.swift */; };
		FBFED8AF2626C3D500A2C2B6 /* IHuntController.swift in Sources */ = {isa = PBXBuildFile; fileRef = FBFED8AE2626C3D500A2C2B6 /* IHuntController.swift */; };
		FBFED8B22626C3D500A2C2B6 /* Main.storyboard in Resources */ = {isa = PBXBuildFile; fileRef = FBFED8B02626C3D500A2C2B6 /* Main.storyboard */; };
		FBFED8B42626C3D600A2C2B6 /* Assets.xcassets in Resources */ = {isa = PBXBuildFile; fileRef = FBFED8B32626C3D600A2C2B6 /* Assets.xcassets */; };
		FBFED8B72626C3D600A2C2B6 /* LaunchScreen.storyboard in Resources */ = {isa = PBXBuildFile; fileRef = FBFED8B52626C3D600A2C2B6 /* LaunchScreen.storyboard */; };
		FBFED8C52626D6BE00A2C2B6 /* AnimalCategoryViewController.swift in Sources */ = {isa = PBXBuildFile; fileRef = FBFED8C42626D6BE00A2C2B6 /* AnimalCategoryViewController.swift */; };
		FBFED8C82626D6E500A2C2B6 /* AnimalListViewController.swift in Sources */ = {isa = PBXBuildFile; fileRef = FBFED8C72626D6E500A2C2B6 /* AnimalListViewController.swift */; };
		FBFED8CB2626D70000A2C2B6 /* AnimalViewController.swift in Sources */ = {isa = PBXBuildFile; fileRef = FBFED8CA2626D70000A2C2B6 /* AnimalViewController.swift */; };
		FBFED8D42626E64E00A2C2B6 /* AnimalCategoryTableViewCell.swift in Sources */ = {isa = PBXBuildFile; fileRef = FBFED8D32626E64E00A2C2B6 /* AnimalCategoryTableViewCell.swift */; };
		FBFED8D82626F0D100A2C2B6 /* Animal.swift in Sources */ = {isa = PBXBuildFile; fileRef = FBFED8D72626F0D100A2C2B6 /* Animal.swift */; };
/* End PBXBuildFile section */

/* Begin PBXFileReference section */
		FB17894E262FEE7C00986705 /* Dogsound1.mp3 */ = {isa = PBXFileReference; lastKnownFileType = audio.mp3; name = Dogsound1.mp3; path = iHunt2.0/Sounds/Dogsound1.mp3; sourceTree = "<group>"; };
		FB17894F262FEE7C00986705 /* Ducksound1.mp3 */ = {isa = PBXFileReference; lastKnownFileType = audio.mp3; name = Ducksound1.mp3; path = iHunt2.0/Sounds/Ducksound1.mp3; sourceTree = "<group>"; };
		FB178950262FEE7C00986705 /* Hedgehogsound1.mp3 */ = {isa = PBXFileReference; lastKnownFileType = audio.mp3; name = Hedgehogsound1.mp3; path = iHunt2.0/Sounds/Hedgehogsound1.mp3; sourceTree = "<group>"; };
		FB178951262FEE7C00986705 /* Catsound1.mp3 */ = {isa = PBXFileReference; lastKnownFileType = audio.mp3; name = Catsound1.mp3; path = iHunt2.0/Sounds/Catsound1.mp3; sourceTree = "<group>"; };
		FB178952262FEE7C00986705 /* Rabbitsound1.mp3 */ = {isa = PBXFileReference; lastKnownFileType = audio.mp3; name = Rabbitsound1.mp3; path = iHunt2.0/Sounds/Rabbitsound1.mp3; sourceTree = "<group>"; };
		FB17895B262FEF1200986705 /* Sounds */ = {isa = PBXFileReference; lastKnownFileType = folder; path = Sounds; sourceTree = "<group>"; };
		FBFC1AE726280DE900418244 /* AnimalListTableViewCell.swift */ = {isa = PBXFileReference; lastKnownFileType = sourcecode.swift; path = AnimalListTableViewCell.swift; sourceTree = "<group>"; };
		FBFC1AEE262840A800418244 /* AnimalCategory.swift */ = {isa = PBXFileReference; lastKnownFileType = sourcecode.swift; path = AnimalCategory.swift; sourceTree = "<group>"; };
		FBFED8A72626C3D500A2C2B6 /* iHunt2.0.app */ = {isa = PBXFileReference; explicitFileType = wrapper.application; includeInIndex = 0; path = iHunt2.0.app; sourceTree = BUILT_PRODUCTS_DIR; };
		FBFED8AA2626C3D500A2C2B6 /* AppDelegate.swift */ = {isa = PBXFileReference; lastKnownFileType = sourcecode.swift; path = AppDelegate.swift; sourceTree = "<group>"; };
		FBFED8AC2626C3D500A2C2B6 /* SceneDelegate.swift */ = {isa = PBXFileReference; lastKnownFileType = sourcecode.swift; path = SceneDelegate.swift; sourceTree = "<group>"; };
		FBFED8AE2626C3D500A2C2B6 /* IHuntController.swift */ = {isa = PBXFileReference; lastKnownFileType = sourcecode.swift; path = IHuntController.swift; sourceTree = "<group>"; };
		FBFED8B12626C3D500A2C2B6 /* Base */ = {isa = PBXFileReference; lastKnownFileType = file.storyboard; name = Base; path = Base.lproj/Main.storyboard; sourceTree = "<group>"; };
		FBFED8B32626C3D600A2C2B6 /* Assets.xcassets */ = {isa = PBXFileReference; lastKnownFileType = folder.assetcatalog; path = Assets.xcassets; sourceTree = "<group>"; };
		FBFED8B62626C3D600A2C2B6 /* Base */ = {isa = PBXFileReference; lastKnownFileType = file.storyboard; name = Base; path = Base.lproj/LaunchScreen.storyboard; sourceTree = "<group>"; };
		FBFED8B82626C3D600A2C2B6 /* Info.plist */ = {isa = PBXFileReference; lastKnownFileType = text.plist.xml; path = Info.plist; sourceTree = "<group>"; };
		FBFED8C42626D6BE00A2C2B6 /* AnimalCategoryViewController.swift */ = {isa = PBXFileReference; lastKnownFileType = sourcecode.swift; path = AnimalCategoryViewController.swift; sourceTree = "<group>"; };
		FBFED8C72626D6E500A2C2B6 /* AnimalListViewController.swift */ = {isa = PBXFileReference; lastKnownFileType = sourcecode.swift; path = AnimalListViewController.swift; sourceTree = "<group>"; };
		FBFED8CA2626D70000A2C2B6 /* AnimalViewController.swift */ = {isa = PBXFileReference; lastKnownFileType = sourcecode.swift; path = AnimalViewController.swift; sourceTree = "<group>"; };
		FBFED8D32626E64E00A2C2B6 /* AnimalCategoryTableViewCell.swift */ = {isa = PBXFileReference; lastKnownFileType = sourcecode.swift; path = AnimalCategoryTableViewCell.swift; sourceTree = "<group>"; };
		FBFED8D72626F0D100A2C2B6 /* Animal.swift */ = {isa = PBXFileReference; fileEncoding = 4; lastKnownFileType = sourcecode.swift; path = Animal.swift; sourceTree = "<group>"; };
/* End PBXFileReference section */

/* Begin PBXFrameworksBuildPhase section */
		FBFED8A42626C3D500A2C2B6 /* Frameworks */ = {
			isa = PBXFrameworksBuildPhase;
			buildActionMask = 2147483647;
			files = (
			);
			runOnlyForDeploymentPostprocessing = 0;
		};
/* End PBXFrameworksBuildPhase section */

/* Begin PBXGroup section */
		FBFED89E2626C3D500A2C2B6 = {
			isa = PBXGroup;
			children = (
				FB178951262FEE7C00986705 /* Catsound1.mp3 */,
				FB17894E262FEE7C00986705 /* Dogsound1.mp3 */,
				FB17894F262FEE7C00986705 /* Ducksound1.mp3 */,
				FB178950262FEE7C00986705 /* Hedgehogsound1.mp3 */,
				FB178952262FEE7C00986705 /* Rabbitsound1.mp3 */,
				FBFED8A92626C3D500A2C2B6 /* iHunt2.0 */,
				FBFED8A82626C3D500A2C2B6 /* Products */,
			);
			sourceTree = "<group>";
		};
		FBFED8A82626C3D500A2C2B6 /* Products */ = {
			isa = PBXGroup;
			children = (
				FBFED8A72626C3D500A2C2B6 /* iHunt2.0.app */,
			);
			name = Products;
			sourceTree = "<group>";
		};
		FBFED8A92626C3D500A2C2B6 /* iHunt2.0 */ = {
			isa = PBXGroup;
			children = (
				FBFED8D22626E5E400A2C2B6 /* TableVewCell */,
				FBFED8BF2626C40500A2C2B6 /* Model */,
				FBFED8C02626C40D00A2C2B6 /* Views */,
				FBFED8C12626C41500A2C2B6 /* Controller */,
				FBFED8AA2626C3D500A2C2B6 /* AppDelegate.swift */,
				FBFED8AC2626C3D500A2C2B6 /* SceneDelegate.swift */,
				FBFED8B02626C3D500A2C2B6 /* Main.storyboard */,
				FB17895B262FEF1200986705 /* Sounds */,
				FBFED8B32626C3D600A2C2B6 /* Assets.xcassets */,
				FBFED8B52626C3D600A2C2B6 /* LaunchScreen.storyboard */,
				FBFED8B82626C3D600A2C2B6 /* Info.plist */,
			);
			path = iHunt2.0;
			sourceTree = "<group>";
		};
		FBFED8BF2626C40500A2C2B6 /* Model */ = {
			isa = PBXGroup;
			children = (
				FBFED8D72626F0D100A2C2B6 /* Animal.swift */,
				FBFC1AEE262840A800418244 /* AnimalCategory.swift */,
			);
			path = Model;
			sourceTree = "<group>";
		};
		FBFED8C02626C40D00A2C2B6 /* Views */ = {
			isa = PBXGroup;
			children = (
			);
			path = Views;
			sourceTree = "<group>";
		};
		FBFED8C12626C41500A2C2B6 /* Controller */ = {
			isa = PBXGroup;
			children = (
				FBFED8AE2626C3D500A2C2B6 /* IHuntController.swift */,
				FBFED8C42626D6BE00A2C2B6 /* AnimalCategoryViewController.swift */,
				FBFED8C72626D6E500A2C2B6 /* AnimalListViewController.swift */,
				FBFED8CA2626D70000A2C2B6 /* AnimalViewController.swift */,
			);
			path = Controller;
			sourceTree = "<group>";
		};
		FBFED8D22626E5E400A2C2B6 /* TableVewCell */ = {
			isa = PBXGroup;
			children = (
				FBFED8D32626E64E00A2C2B6 /* AnimalCategoryTableViewCell.swift */,
				FBFC1AE726280DE900418244 /* AnimalListTableViewCell.swift */,
			);
			path = TableVewCell;
			sourceTree = "<group>";
		};
/* End PBXGroup section */

/* Begin PBXNativeTarget section */
		FBFED8A62626C3D500A2C2B6 /* iHunt2.0 */ = {
			isa = PBXNativeTarget;
			buildConfigurationList = FBFED8BB2626C3D600A2C2B6 /* Build configuration list for PBXNativeTarget "iHunt2.0" */;
			buildPhases = (
				FBFED8A32626C3D500A2C2B6 /* Sources */,
				FBFED8A42626C3D500A2C2B6 /* Frameworks */,
				FBFED8A52626C3D500A2C2B6 /* Resources */,
			);
			buildRules = (
			);
			dependencies = (
			);
			name = iHunt2.0;
			productName = iHunt2.0;
			productReference = FBFED8A72626C3D500A2C2B6 /* iHunt2.0.app */;
			productType = "com.apple.product-type.application";
		};
/* End PBXNativeTarget section */

/* Begin PBXProject section */
		FBFED89F2626C3D500A2C2B6 /* Project object */ = {
			isa = PBXProject;
			attributes = {
				LastSwiftUpdateCheck = 1240;
				LastUpgradeCheck = 1240;
				TargetAttributes = {
					FBFED8A62626C3D500A2C2B6 = {
						CreatedOnToolsVersion = 12.4;
					};
				};
			};
			buildConfigurationList = FBFED8A22626C3D500A2C2B6 /* Build configuration list for PBXProject "iHunt2.0" */;
			compatibilityVersion = "Xcode 9.3";
			developmentRegion = en;
			hasScannedForEncodings = 0;
			knownRegions = (
				en,
				Base,
			);
			mainGroup = FBFED89E2626C3D500A2C2B6;
			productRefGroup = FBFED8A82626C3D500A2C2B6 /* Products */;
			projectDirPath = "";
			projectRoot = "";
			targets = (
				FBFED8A62626C3D500A2C2B6 /* iHunt2.0 */,
			);
		};
/* End PBXProject section */

/* Begin PBXResourcesBuildPhase section */
		FBFED8A52626C3D500A2C2B6 /* Resources */ = {
			isa = PBXResourcesBuildPhase;
			buildActionMask = 2147483647;
			files = (
				FB178953262FEE7C00986705 /* Dogsound1.mp3 in Resources */,
				FB178954262FEE7C00986705 /* Ducksound1.mp3 in Resources */,
				FB178955262FEE7C00986705 /* Hedgehogsound1.mp3 in Resources */,
				FB17895C262FEF1200986705 /* Sounds in Resources */,
				FB178957262FEE7C00986705 /* Rabbitsound1.mp3 in Resources */,
				FB178956262FEE7C00986705 /* Catsound1.mp3 in Resources */,
				FBFED8B72626C3D600A2C2B6 /* LaunchScreen.storyboard in Resources */,
				FBFED8B42626C3D600A2C2B6 /* Assets.xcassets in Resources */,
				FBFED8B22626C3D500A2C2B6 /* Main.storyboard in Resources */,
			);
			runOnlyForDeploymentPostprocessing = 0;
		};
/* End PBXResourcesBuildPhase section */

/* Begin PBXSourcesBuildPhase section */
		FBFED8A32626C3D500A2C2B6 /* Sources */ = {
			isa = PBXSourcesBuildPhase;
			buildActionMask = 2147483647;
			files = (
				FBFED8C52626D6BE00A2C2B6 /* AnimalCategoryViewController.swift in Sources */,
				FBFED8D82626F0D100A2C2B6 /* Animal.swift in Sources */,
				FBFED8AF2626C3D500A2C2B6 /* IHuntController.swift in Sources */,
				FBFC1AEF262840A800418244 /* AnimalCategory.swift in Sources */,
				FBFC1AE826280DE900418244 /* AnimalListTableViewCell.swift in Sources */,
				FBFED8C82626D6E500A2C2B6 /* AnimalListViewController.swift in Sources */,
				FBFED8AB2626C3D500A2C2B6 /* AppDelegate.swift in Sources */,
				FBFED8D42626E64E00A2C2B6 /* AnimalCategoryTableViewCell.swift in Sources */,
				FBFED8CB2626D70000A2C2B6 /* AnimalViewController.swift in Sources */,
				FBFED8AD2626C3D500A2C2B6 /* SceneDelegate.swift in Sources */,
			);
			runOnlyForDeploymentPostprocessing = 0;
		};
/* End PBXSourcesBuildPhase section */

/* Begin PBXVariantGroup section */
		FBFED8B02626C3D500A2C2B6 /* Main.storyboard */ = {
			isa = PBXVariantGroup;
			children = (
				FBFED8B12626C3D500A2C2B6 /* Base */,
			);
			name = Main.storyboard;
			sourceTree = "<group>";
		};
		FBFED8B52626C3D600A2C2B6 /* LaunchScreen.storyboard */ = {
			isa = PBXVariantGroup;
			children = (
				FBFED8B62626C3D600A2C2B6 /* Base */,
			);
			name = LaunchScreen.storyboard;
			sourceTree = "<group>";
		};
/* End PBXVariantGroup section */

/* Begin XCBuildConfiguration section */
		FBFED8B92626C3D600A2C2B6 /* Debug */ = {
			isa = XCBuildConfiguration;
			buildSettings = {
				ALWAYS_SEARCH_USER_PATHS = NO;
				CLANG_ANALYZER_NONNULL = YES;
				CLANG_ANALYZER_NUMBER_OBJECT_CONVERSION = YES_AGGRESSIVE;
				CLANG_CXX_LANGUAGE_STANDARD = "gnu++14";
				CLANG_CXX_LIBRARY = "libc++";
				CLANG_ENABLE_MODULES = YES;
				CLANG_ENABLE_OBJC_ARC = YES;
				CLANG_ENABLE_OBJC_WEAK = YES;
				CLANG_WARN_BLOCK_CAPTURE_AUTORELEASING = YES;
				CLANG_WARN_BOOL_CONVERSION = YES;
				CLANG_WARN_COMMA = YES;
				CLANG_WARN_CONSTANT_CONVERSION = YES;
				CLANG_WARN_DEPRECATED_OBJC_IMPLEMENTATIONS = YES;
				CLANG_WARN_DIRECT_OBJC_ISA_USAGE = YES_ERROR;
				CLANG_WARN_DOCUMENTATION_COMMENTS = YES;
				CLANG_WARN_EMPTY_BODY = YES;
				CLANG_WARN_ENUM_CONVERSION = YES;
				CLANG_WARN_INFINITE_RECURSION = YES;
				CLANG_WARN_INT_CONVERSION = YES;
				CLANG_WARN_NON_LITERAL_NULL_CONVERSION = YES;
				CLANG_WARN_OBJC_IMPLICIT_RETAIN_SELF = YES;
				CLANG_WARN_OBJC_LITERAL_CONVERSION = YES;
				CLANG_WARN_OBJC_ROOT_CLASS = YES_ERROR;
				CLANG_WARN_QUOTED_INCLUDE_IN_FRAMEWORK_HEADER = YES;
				CLANG_WARN_RANGE_LOOP_ANALYSIS = YES;
				CLANG_WARN_STRICT_PROTOTYPES = YES;
				CLANG_WARN_SUSPICIOUS_MOVE = YES;
				CLANG_WARN_UNGUARDED_AVAILABILITY = YES_AGGRESSIVE;
				CLANG_WARN_UNREACHABLE_CODE = YES;
				CLANG_WARN__DUPLICATE_METHOD_MATCH = YES;
				COPY_PHASE_STRIP = NO;
				DEBUG_INFORMATION_FORMAT = dwarf;
				ENABLE_STRICT_OBJC_MSGSEND = YES;
				ENABLE_TESTABILITY = YES;
				GCC_C_LANGUAGE_STANDARD = gnu11;
				GCC_DYNAMIC_NO_PIC = NO;
				GCC_NO_COMMON_BLOCKS = YES;
				GCC_OPTIMIZATION_LEVEL = 0;
				GCC_PREPROCESSOR_DEFINITIONS = (
					"DEBUG=1",
					"$(inherited)",
				);
				GCC_WARN_64_TO_32_BIT_CONVERSION = YES;
				GCC_WARN_ABOUT_RETURN_TYPE = YES_ERROR;
				GCC_WARN_UNDECLARED_SELECTOR = YES;
				GCC_WARN_UNINITIALIZED_AUTOS = YES_AGGRESSIVE;
				GCC_WARN_UNUSED_FUNCTION = YES;
				GCC_WARN_UNUSED_VARIABLE = YES;
				IPHONEOS_DEPLOYMENT_TARGET = 14.4;
				MTL_ENABLE_DEBUG_INFO = INCLUDE_SOURCE;
				MTL_FAST_MATH = YES;
				ONLY_ACTIVE_ARCH = YES;
				SDKROOT = iphoneos;
				SWIFT_ACTIVE_COMPILATION_CONDITIONS = DEBUG;
				SWIFT_OPTIMIZATION_LEVEL = "-Onone";
			};
			name = Debug;
		};
		FBFED8BA2626C3D600A2C2B6 /* Release */ = {
			isa = XCBuildConfiguration;
			buildSettings = {
				ALWAYS_SEARCH_USER_PATHS = NO;
				CLANG_ANALYZER_NONNULL = YES;
				CLANG_ANALYZER_NUMBER_OBJECT_CONVERSION = YES_AGGRESSIVE;
				CLANG_CXX_LANGUAGE_STANDARD = "gnu++14";
				CLANG_CXX_LIBRARY = "libc++";
				CLANG_ENABLE_MODULES = YES;
				CLANG_ENABLE_OBJC_ARC = YES;
				CLANG_ENABLE_OBJC_WEAK = YES;
				CLANG_WARN_BLOCK_CAPTURE_AUTORELEASING = YES;
				CLANG_WARN_BOOL_CONVERSION = YES;
				CLANG_WARN_COMMA = YES;
				CLANG_WARN_CONSTANT_CONVERSION = YES;
				CLANG_WARN_DEPRECATED_OBJC_IMPLEMENTATIONS = YES;
				CLANG_WARN_DIRECT_OBJC_ISA_USAGE = YES_ERROR;
				CLANG_WARN_DOCUMENTATION_COMMENTS = YES;
				CLANG_WARN_EMPTY_BODY = YES;
				CLANG_WARN_ENUM_CONVERSION = YES;
				CLANG_WARN_INFINITE_RECURSION = YES;
				CLANG_WARN_INT_CONVERSION = YES;
				CLANG_WARN_NON_LITERAL_NULL_CONVERSION = YES;
				CLANG_WARN_OBJC_IMPLICIT_RETAIN_SELF = YES;
				CLANG_WARN_OBJC_LITERAL_CONVERSION = YES;
				CLANG_WARN_OBJC_ROOT_CLASS = YES_ERROR;
				CLANG_WARN_QUOTED_INCLUDE_IN_FRAMEWORK_HEADER = YES;
				CLANG_WARN_RANGE_LOOP_ANALYSIS = YES;
				CLANG_WARN_STRICT_PROTOTYPES = YES;
				CLANG_WARN_SUSPICIOUS_MOVE = YES;
				CLANG_WARN_UNGUARDED_AVAILABILITY = YES_AGGRESSIVE;
				CLANG_WARN_UNREACHABLE_CODE = YES;
				CLANG_WARN__DUPLICATE_METHOD_MATCH = YES;
				COPY_PHASE_STRIP = NO;
				DEBUG_INFORMATION_FORMAT = "dwarf-with-dsym";
				ENABLE_NS_ASSERTIONS = NO;
				ENABLE_STRICT_OBJC_MSGSEND = YES;
				GCC_C_LANGUAGE_STANDARD = gnu11;
				GCC_NO_COMMON_BLOCKS = YES;
				GCC_WARN_64_TO_32_BIT_CONVERSION = YES;
				GCC_WARN_ABOUT_RETURN_TYPE = YES_ERROR;
				GCC_WARN_UNDECLARED_SELECTOR = YES;
				GCC_WARN_UNINITIALIZED_AUTOS = YES_AGGRESSIVE;
				GCC_WARN_UNUSED_FUNCTION = YES;
				GCC_WARN_UNUSED_VARIABLE = YES;
				IPHONEOS_DEPLOYMENT_TARGET = 14.4;
				MTL_ENABLE_DEBUG_INFO = NO;
				MTL_FAST_MATH = YES;
				SDKROOT = iphoneos;
				SWIFT_COMPILATION_MODE = wholemodule;
				SWIFT_OPTIMIZATION_LEVEL = "-O";
				VALIDATE_PRODUCT = YES;
			};
			name = Release;
		};
		FBFED8BC2626C3D600A2C2B6 /* Debug */ = {
			isa = XCBuildConfiguration;
			buildSettings = {
				ASSETCATALOG_COMPILER_APPICON_NAME = AppIcon;
				ASSETCATALOG_COMPILER_GLOBAL_ACCENT_COLOR_NAME = AccentColor;
				CODE_SIGN_STYLE = Automatic;
				INFOPLIST_FILE = iHunt2.0/Info.plist;
				LD_RUNPATH_SEARCH_PATHS = (
					"$(inherited)",
					"@executable_path/Frameworks",
				);
				PRODUCT_BUNDLE_IDENTIFIER = "cm.Huma.iHunt2-0";
				PRODUCT_NAME = "$(TARGET_NAME)";
				SWIFT_VERSION = 5.0;
				TARGETED_DEVICE_FAMILY = "1,2";
			};
			name = Debug;
		};
		FBFED8BD2626C3D600A2C2B6 /* Release */ = {
			isa = XCBuildConfiguration;
			buildSettings = {
				ASSETCATALOG_COMPILER_APPICON_NAME = AppIcon;
				ASSETCATALOG_COMPILER_GLOBAL_ACCENT_COLOR_NAME = AccentColor;
				CODE_SIGN_STYLE = Automatic;
				INFOPLIST_FILE = iHunt2.0/Info.plist;
				LD_RUNPATH_SEARCH_PATHS = (
					"$(inherited)",
					"@executable_path/Frameworks",
				);
				PRODUCT_BUNDLE_IDENTIFIER = "cm.Huma.iHunt2-0";
				PRODUCT_NAME = "$(TARGET_NAME)";
				SWIFT_VERSION = 5.0;
				TARGETED_DEVICE_FAMILY = "1,2";
			};
			name = Release;
		};
/* End XCBuildConfiguration section */

/* Begin XCConfigurationList section */
		FBFED8A22626C3D500A2C2B6 /* Build configuration list for PBXProject "iHunt2.0" */ = {
			isa = XCConfigurationList;
			buildConfigurations = (
				FBFED8B92626C3D600A2C2B6 /* Debug */,
				FBFED8BA2626C3D600A2C2B6 /* Release */,
			);
			defaultConfigurationIsVisible = 0;
			defaultConfigurationName = Release;
		};
		FBFED8BB2626C3D600A2C2B6 /* Build configuration list for PBXNativeTarget "iHunt2.0" */ = {
			isa = XCConfigurationList;
			buildConfigurations = (
				FBFED8BC2626C3D600A2C2B6 /* Debug */,
				FBFED8BD2626C3D600A2C2B6 /* Release */,
			);
			defaultConfigurationIsVisible = 0;
			defaultConfigurationName = Release;
		};
/* End XCConfigurationList section */
	};
	rootObject = FBFED89F2626C3D500A2C2B6 /* Project object */;
}
